// !$*UTF8*$!
{
	archiveVersion = 1;
	classes = {
	};
	objectVersion = 46;
	objects = {

/* Begin PBXBuildFile section */
		1089288E1D7BC3C300887FCC /* main.m in Sources */ = {isa = PBXBuildFile; fileRef = 1089288D1D7BC3C300887FCC /* main.m */; };
		108928911D7BC3C300887FCC /* AppDelegate.m in Sources */ = {isa = PBXBuildFile; fileRef = 108928901D7BC3C300887FCC /* AppDelegate.m */; };
		108928941D7BC3C300887FCC /* ViewController.m in Sources */ = {isa = PBXBuildFile; fileRef = 108928931D7BC3C300887FCC /* ViewController.m */; };
		108928971D7BC3C300887FCC /* Main.storyboard in Resources */ = {isa = PBXBuildFile; fileRef = 108928951D7BC3C300887FCC /* Main.storyboard */; };
		108928991D7BC3C300887FCC /* Assets.xcassets in Resources */ = {isa = PBXBuildFile; fileRef = 108928981D7BC3C300887FCC /* Assets.xcassets */; };
		1089289C1D7BC3C300887FCC /* LaunchScreen.storyboard in Resources */ = {isa = PBXBuildFile; fileRef = 1089289A1D7BC3C300887FCC /* LaunchScreen.storyboard */; };
		10AC538E1DF1036700158831 /* HCAlertView.m in Sources */ = {isa = PBXBuildFile; fileRef = 10AC538D1DF1036700158831 /* HCAlertView.m */; };
/* End PBXBuildFile section */

/* Begin PBXFileReference section */
		108928891D7BC3C300887FCC /* CustomAlertDemo.app */ = {isa = PBXFileReference; explicitFileType = wrapper.application; includeInIndex = 0; path = CustomAlertDemo.app; sourceTree = BUILT_PRODUCTS_DIR; };
		1089288D1D7BC3C300887FCC /* main.m */ = {isa = PBXFileReference; lastKnownFileType = sourcecode.c.objc; path = main.m; sourceTree = "<group>"; };
		1089288F1D7BC3C300887FCC /* AppDelegate.h */ = {isa = PBXFileReference; lastKnownFileType = sourcecode.c.h; path = AppDelegate.h; sourceTree = "<group>"; };
		108928901D7BC3C300887FCC /* AppDelegate.m */ = {isa = PBXFileReference; lastKnownFileType = sourcecode.c.objc; path = AppDelegate.m; sourceTree = "<group>"; };
		108928921D7BC3C300887FCC /* ViewController.h */ = {isa = PBXFileReference; lastKnownFileType = sourcecode.c.h; path = ViewController.h; sourceTree = "<group>"; };
		108928931D7BC3C300887FCC /* ViewController.m */ = {isa = PBXFileReference; lastKnownFileType = sourcecode.c.objc; path = ViewController.m; sourceTree = "<group>"; };
		108928961D7BC3C300887FCC /* Base */ = {isa = PBXFileReference; lastKnownFileType = file.storyboard; name = Base; path = Base.lproj/Main.storyboard; sourceTree = "<group>"; };
		108928981D7BC3C300887FCC /* Assets.xcassets */ = {isa = PBXFileReference; lastKnownFileType = folder.assetcatalog; path = Assets.xcassets; sourceTree = "<group>"; };
		1089289B1D7BC3C300887FCC /* Base */ = {isa = PBXFileReference; lastKnownFileType = file.storyboard; name = Base; path = Base.lproj/LaunchScreen.storyboard; sourceTree = "<group>"; };
		1089289D1D7BC3C300887FCC /* Info.plist */ = {isa = PBXFileReference; lastKnownFileType = text.plist.xml; path = Info.plist; sourceTree = "<group>"; };
		10AC538C1DF1036700158831 /* HCAlertView.h */ = {isa = PBXFileReference; fileEncoding = 4; lastKnownFileType = sourcecode.c.h; path = HCAlertView.h; sourceTree = "<group>"; };
		10AC538D1DF1036700158831 /* HCAlertView.m */ = {isa = PBXFileReference; fileEncoding = 4; lastKnownFileType = sourcecode.c.objc; path = HCAlertView.m; sourceTree = "<group>"; };
/* End PBXFileReference section */

/* Begin PBXFrameworksBuildPhase section */
		108928861D7BC3C300887FCC /* Frameworks */ = {
			isa = PBXFrameworksBuildPhase;
			buildActionMask = 2147483647;
			files = (
			);
			runOnlyForDeploymentPostprocessing = 0;
		};
/* End PBXFrameworksBuildPhase section */

/* Begin PBXGroup section */
		108928801D7BC3C300887FCC = {
			isa = PBXGroup;
			children = (
				1089288B1D7BC3C300887FCC /* CustomAlertDemo */,
				1089288A1D7BC3C300887FCC /* Products */,
			);
			sourceTree = "<group>";
		};
		1089288A1D7BC3C300887FCC /* Products */ = {
			isa = PBXGroup;
			children = (
				108928891D7BC3C300887FCC /* CustomAlertDemo.app */,
			);
			name = Products;
			sourceTree = "<group>";
		};
		1089288B1D7BC3C300887FCC /* CustomAlertDemo */ = {
			isa = PBXGroup;
			children = (
				10AC538B1DF1036700158831 /* Classes */,
				1089288F1D7BC3C300887FCC /* AppDelegate.h */,
				108928901D7BC3C300887FCC /* AppDelegate.m */,
				108928921D7BC3C300887FCC /* ViewController.h */,
				108928931D7BC3C300887FCC /* ViewController.m */,
				108928951D7BC3C300887FCC /* Main.storyboard */,
				108928981D7BC3C300887FCC /* Assets.xcassets */,
				1089289A1D7BC3C300887FCC /* LaunchScreen.storyboard */,
				1089289D1D7BC3C300887FCC /* Info.plist */,
				1089288C1D7BC3C300887FCC /* Supporting Files */,
			);
			path = CustomAlertDemo;
			sourceTree = "<group>";
		};
		1089288C1D7BC3C300887FCC /* Supporting Files */ = {
			isa = PBXGroup;
			children = (
				1089288D1D7BC3C300887FCC /* main.m */,
			);
			name = "Supporting Files";
			sourceTree = "<group>";
		};
		10AC538B1DF1036700158831 /* Classes */ = {
			isa = PBXGroup;
			children = (
				10AC538C1DF1036700158831 /* HCAlertView.h */,
				10AC538D1DF1036700158831 /* HCAlertView.m */,
			);
			path = Classes;
			sourceTree = "<group>";
		};
/* End PBXGroup section */

/* Begin PBXNativeTarget section */
		108928881D7BC3C300887FCC /* CustomAlertDemo */ = {
			isa = PBXNativeTarget;
			buildConfigurationList = 108928A01D7BC3C300887FCC /* Build configuration list for PBXNativeTarget "CustomAlertDemo" */;
			buildPhases = (
				108928851D7BC3C300887FCC /* Sources */,
				108928861D7BC3C300887FCC /* Frameworks */,
				108928871D7BC3C300887FCC /* Resources */,
			);
			buildRules = (
			);
			dependencies = (
			);
			name = CustomAlertDemo;
			productName = CustomAlertDemo;
			productReference = 108928891D7BC3C300887FCC /* CustomAlertDemo.app */;
			productType = "com.apple.product-type.application";
		};
/* End PBXNativeTarget section */

/* Begin PBXProject section */
		108928811D7BC3C300887FCC /* Project object */ = {
			isa = PBXProject;
			attributes = {
				LastUpgradeCheck = 0730;
				ORGANIZATIONNAME = hechao;
				TargetAttributes = {
					108928881D7BC3C300887FCC = {
						CreatedOnToolsVersion = 7.3.1;
					};
				};
			};
			buildConfigurationList = 108928841D7BC3C300887FCC /* Build configuration list for PBXProject "CustomAlertDemo" */;
			compatibilityVersion = "Xcode 3.2";
			developmentRegion = English;
			hasScannedForEncodings = 0;
			knownRegions = (
				en,
				Base,
			);
			mainGroup = 108928801D7BC3C300887FCC;
			productRefGroup = 1089288A1D7BC3C300887FCC /* Products */;
			projectDirPath = "";
			projectRoot = "";
			targets = (
				108928881D7BC3C300887FCC /* CustomAlertDemo */,
			);
		};
/* End PBXProject section */

/* Begin PBXResourcesBuildPhase section */
		108928871D7BC3C300887FCC /* Resources */ = {
			isa = PBXResourcesBuildPhase;
			buildActionMask = 2147483647;
			files = (
				1089289C1D7BC3C300887FCC /* LaunchScreen.storyboard in Resources */,
				108928991D7BC3C300887FCC /* Assets.xcassets in Resources */,
				108928971D7BC3C300887FCC /* Main.storyboard in Resources */,
			);
			runOnlyForDeploymentPostprocessing = 0;
		};
/* End PBXResourcesBuildPhase section */

/* Begin PBXSourcesBuildPhase section */
		108928851D7BC3C300887FCC /* Sources */ = {
			isa = PBXSourcesBuildPhase;
			buildActionMask = 2147483647;
			files = (
				108928941D7BC3C300887FCC /* ViewController.m in Sources */,
				108928911D7BC3C300887FCC /* AppDelegate.m in Sources */,
				10AC538E1DF1036700158831 /* HCAlertView.m in Sources */,
				1089288E1D7BC3C300887FCC /* main.m in Sources */,
			);
			runOnlyForDeploymentPostprocessing = 0;
		};
/* End PBXSourcesBuildPhase section */

/* Begin PBXVariantGroup section */
		108928951D7BC3C300887FCC /* Main.storyboard */ = {
			isa = PBXVariantGroup;
			children = (
				108928961D7BC3C300887FCC /* Base */,
			);
			name = Main.storyboard;
			sourceTree = "<group>";
		};
		1089289A1D7BC3C300887FCC /* LaunchScreen.storyboard */ = {
			isa = PBXVariantGroup;
			children = (
				1089289B1D7BC3C300887FCC /* Base */,
			);
			name = LaunchScreen.storyboard;
			sourceTree = "<group>";
		};
/* End PBXVariantGroup section */

/* Begin XCBuildConfiguration section */
		1089289E1D7BC3C300887FCC /* Debug */ = {
			isa = XCBuildConfiguration;
			buildSettings = {
				ALWAYS_SEARCH_USER_PATHS = NO;
				CLANG_ANALYZER_NONNULL = YES;
				CLANG_CXX_LANGUAGE_STANDARD = "gnu++0x";
				CLANG_CXX_LIBRARY = "libc++";
				CLANG_ENABLE_MODULES = YES;
				CLANG_ENABLE_OBJC_ARC = YES;
				CLANG_WARN_BOOL_CONVERSION = YES;
				CLANG_WARN_CONSTANT_CONVERSION = YES;
				CLANG_WARN_DIRECT_OBJC_ISA_USAGE = YES_ERROR;
				CLANG_WARN_EMPTY_BODY = YES;
				CLANG_WARN_ENUM_CONVERSION = YES;
				CLANG_WARN_INT_CONVERSION = YES;
				CLANG_WARN_OBJC_ROOT_CLASS = YES_ERROR;
				CLANG_WARN_UNREACHABLE_CODE = YES;
				CLANG_WARN__DUPLICATE_METHOD_MATCH = YES;
				"CODE_SIGN_IDENTITY[sdk=iphoneos*]" = "iPhone Developer";
				COPY_PHASE_STRIP = NO;
				DEBUG_INFORMATION_FORMAT = dwarf;
				ENABLE_STRICT_OBJC_MSGSEND = YES;
				ENABLE_TESTABILITY = YES;
				GCC_C_LANGUAGE_STANDARD = gnu99;
				GCC_DYNAMIC_NO_PIC = NO;
				GCC_NO_COMMON_BLOCKS = YES;
				GCC_OPTIMIZATION_LEVEL = 0;
				GCC_PREPROCESSOR_DEFINITIONS = (
					"DEBUG=1",
					"$(inherited)",
				);
				GCC_WARN_64_TO_32_BIT_CONVERSION = YES;
				GCC_WARN_ABOUT_RETURN_TYPE = YES_ERROR;
				GCC_WARN_UNDECLARED_SELECTOR = YES;
				GCC_WARN_UNINITIALIZED_AUTOS = YES_AGGRESSIVE;
				GCC_WARN_UNUSED_FUNCTION = YES;
				GCC_WARN_UNUSED_VARIABLE = YES;
				IPHONEOS_DEPLOYMENT_TARGET = 9.3;
				MTL_ENABLE_DEBUG_INFO = YES;
				ONLY_ACTIVE_ARCH = YES;
				SDKROOT = iphoneos;
			};
			name = Debug;
		};
		1089289F1D7BC3C300887FCC /* Release */ = {
			isa = XCBuildConfiguration;
			buildSettings = {
				ALWAYS_SEARCH_USER_PATHS = NO;
				CLANG_ANALYZER_NONNULL = YES;
				CLANG_CXX_LANGUAGE_STANDARD = "gnu++0x";
				CLANG_CXX_LIBRARY = "libc++";
				CLANG_ENABLE_MODULES = YES;
				CLANG_ENABLE_OBJC_ARC = YES;
				CLANG_WARN_BOOL_CONVERSION = YES;
				CLANG_WARN_CONSTANT_CONVERSION = YES;
				CLANG_WARN_DIRECT_OBJC_ISA_USAGE = YES_ERROR;
				CLANG_WARN_EMPTY_BODY = YES;
				CLANG_WARN_ENUM_CONVERSION = YES;
				CLANG_WARN_INT_CONVERSION = YES;
				CLANG_WARN_OBJC_ROOT_CLASS = YES_ERROR;
				CLANG_WARN_UNREACHABLE_CODE = YES;
				CLANG_WARN__DUPLICATE_METHOD_MATCH = YES;
				"CODE_SIGN_IDENTITY[sdk=iphoneos*]" = "iPhone Developer";
				COPY_PHASE_STRIP = NO;
				DEBUG_INFORMATION_FORMAT = "dwarf-with-dsym";
				ENABLE_NS_ASSERTIONS = NO;
				ENABLE_STRICT_OBJC_MSGSEND = YES;
				GCC_C_LANGUAGE_STANDARD = gnu99;
				GCC_NO_COMMON_BLOCKS = YES;
				GCC_WARN_64_TO_32_BIT_CONVERSION = YES;
				GCC_WARN_ABOUT_RETURN_TYPE = YES_ERROR;
				GCC_WARN_UNDECLARED_SELECTOR = YES;
				GCC_WARN_UNINITIALIZED_AUTOS = YES_AGGRESSIVE;
				GCC_WARN_UNUSED_FUNCTION = YES;
				GCC_WARN_UNUSED_VARIABLE = YES;
				IPHONEOS_DEPLOYMENT_TARGET = 9.3;
				MTL_ENABLE_DEBUG_INFO = NO;
				SDKROOT = iphoneos;
				VALIDATE_PRODUCT = YES;
			};
			name = Release;
		};
		108928A11D7BC3C300887FCC /* Debug */ = {
			isa = XCBuildConfiguration;
			buildSettings = {
				ASSETCATALOG_COMPILER_APPICON_NAME = AppIcon;
				INFOPLIST_FILE = CustomAlertDemo/Info.plist;
				IPHONEOS_DEPLOYMENT_TARGET = 8.0;
				LD_RUNPATH_SEARCH_PATHS = "$(inherited) @executable_path/Frameworks";
				PRODUCT_BUNDLE_IDENTIFIER = xxx.CustomAlertDemo;
				PRODUCT_NAME = "$(TARGET_NAME)";
			};
			name = Debug;
		};
		108928A21D7BC3C300887FCC /* Release */ = {
			isa = XCBuildConfiguration;
			buildSettings = {
				ASSETCATALOG_COMPILER_APPICON_NAME = AppIcon;
				INFOPLIST_FILE = CustomAlertDemo/Info.plist;
				IPHONEOS_DEPLOYMENT_TARGET = 8.0;
				LD_RUNPATH_SEARCH_PATHS = "$(inherited) @executable_path/Frameworks";
				PRODUCT_BUNDLE_IDENTIFIER = xxx.CustomAlertDemo;
				PRODUCT_NAME = "$(TARGET_NAME)";
			};
			name = Release;
		};
/* End XCBuildConfiguration section */

/* Begin XCConfigurationList section */
		108928841D7BC3C300887FCC /* Build configuration list for PBXProject "CustomAlertDemo" */ = {
			isa = XCConfigurationList;
			buildConfigurations = (
				1089289E1D7BC3C300887FCC /* Debug */,
				1089289F1D7BC3C300887FCC /* Release */,
			);
			defaultConfigurationIsVisible = 0;
			defaultConfigurationName = Release;
		};
		108928A01D7BC3C300887FCC /* Build configuration list for PBXNativeTarget "CustomAlertDemo" */ = {
			isa = XCConfigurationList;
			buildConfigurations = (
				108928A11D7BC3C300887FCC /* Debug */,
				108928A21D7BC3C300887FCC /* Release */,
			);
			defaultConfigurationIsVisible = 0;
			defaultConfigurationName = Release;
		};
/* End XCConfigurationList section */
	};
	rootObject = 108928811D7BC3C300887FCC /* Project object */;
}
